// !$*UTF8*$!
{
	archiveVersion = 1;
	classes = {
	};
	objectVersion = 50;
	objects = {

/* Begin PBXBuildFile section */
		F47C1A3424C959AD00ECE1A0 /* MemoryGame.swift in Sources */ = {isa = PBXBuildFile; fileRef = F47C1A3324C959AD00ECE1A0 /* MemoryGame.swift */; };
		F47C1A3624C95B6B00ECE1A0 /* EmojiMemoryGame.swift in Sources */ = {isa = PBXBuildFile; fileRef = F47C1A3524C95B6B00ECE1A0 /* EmojiMemoryGame.swift */; };
		F4D113F724CB10A900B3EF76 /* EmojiMemoryGameView.swift in Sources */ = {isa = PBXBuildFile; fileRef = F4D113F624CB10A900B3EF76 /* EmojiMemoryGameView.swift */; };
		F4DBC6A824C87FF100E2D2C3 /* AppDelegate.swift in Sources */ = {isa = PBXBuildFile; fileRef = F4DBC6A724C87FF100E2D2C3 /* AppDelegate.swift */; };
		F4DBC6AA24C87FF100E2D2C3 /* SceneDelegate.swift in Sources */ = {isa = PBXBuildFile; fileRef = F4DBC6A924C87FF100E2D2C3 /* SceneDelegate.swift */; };
		F4DBC6AE24C87FF300E2D2C3 /* Assets.xcassets in Resources */ = {isa = PBXBuildFile; fileRef = F4DBC6AD24C87FF300E2D2C3 /* Assets.xcassets */; };
		F4DBC6B124C87FF300E2D2C3 /* Preview Assets.xcassets in Resources */ = {isa = PBXBuildFile; fileRef = F4DBC6B024C87FF300E2D2C3 /* Preview Assets.xcassets */; };
		F4DBC6B424C87FF300E2D2C3 /* LaunchScreen.storyboard in Resources */ = {isa = PBXBuildFile; fileRef = F4DBC6B224C87FF300E2D2C3 /* LaunchScreen.storyboard */; };
/* End PBXBuildFile section */

/* Begin PBXFileReference section */
		F47C1A3324C959AD00ECE1A0 /* MemoryGame.swift */ = {isa = PBXFileReference; lastKnownFileType = sourcecode.swift; path = MemoryGame.swift; sourceTree = "<group>"; };
		F47C1A3524C95B6B00ECE1A0 /* EmojiMemoryGame.swift */ = {isa = PBXFileReference; lastKnownFileType = sourcecode.swift; path = EmojiMemoryGame.swift; sourceTree = "<group>"; };
		F4D113F624CB10A900B3EF76 /* EmojiMemoryGameView.swift */ = {isa = PBXFileReference; lastKnownFileType = sourcecode.swift; path = EmojiMemoryGameView.swift; sourceTree = "<group>"; };
		F4DBC6A424C87FF100E2D2C3 /* Memorize.app */ = {isa = PBXFileReference; explicitFileType = wrapper.application; includeInIndex = 0; path = Memorize.app; sourceTree = BUILT_PRODUCTS_DIR; };
		F4DBC6A724C87FF100E2D2C3 /* AppDelegate.swift */ = {isa = PBXFileReference; lastKnownFileType = sourcecode.swift; path = AppDelegate.swift; sourceTree = "<group>"; };
		F4DBC6A924C87FF100E2D2C3 /* SceneDelegate.swift */ = {isa = PBXFileReference; lastKnownFileType = sourcecode.swift; path = SceneDelegate.swift; sourceTree = "<group>"; };
		F4DBC6AD24C87FF300E2D2C3 /* Assets.xcassets */ = {isa = PBXFileReference; lastKnownFileType = folder.assetcatalog; path = Assets.xcassets; sourceTree = "<group>"; };
		F4DBC6B024C87FF300E2D2C3 /* Preview Assets.xcassets */ = {isa = PBXFileReference; lastKnownFileType = folder.assetcatalog; path = "Preview Assets.xcassets"; sourceTree = "<group>"; };
		F4DBC6B324C87FF300E2D2C3 /* Base */ = {isa = PBXFileReference; lastKnownFileType = file.storyboard; name = Base; path = Base.lproj/LaunchScreen.storyboard; sourceTree = "<group>"; };
		F4DBC6B524C87FF300E2D2C3 /* Info.plist */ = {isa = PBXFileReference; lastKnownFileType = text.plist.xml; path = Info.plist; sourceTree = "<group>"; };
/* End PBXFileReference section */

/* Begin PBXFrameworksBuildPhase section */
		F4DBC6A124C87FF100E2D2C3 /* Frameworks */ = {
			isa = PBXFrameworksBuildPhase;
			buildActionMask = 2147483647;
			files = (
			);
			runOnlyForDeploymentPostprocessing = 0;
		};
/* End PBXFrameworksBuildPhase section */

/* Begin PBXGroup section */
		F4DBC69B24C87FF100E2D2C3 = {
			isa = PBXGroup;
			children = (
				F4DBC6A624C87FF100E2D2C3 /* Memorize */,
				F4DBC6A524C87FF100E2D2C3 /* Products */,
			);
			sourceTree = "<group>";
		};
		F4DBC6A524C87FF100E2D2C3 /* Products */ = {
			isa = PBXGroup;
			children = (
				F4DBC6A424C87FF100E2D2C3 /* Memorize.app */,
			);
			name = Products;
			sourceTree = "<group>";
		};
		F4DBC6A624C87FF100E2D2C3 /* Memorize */ = {
			isa = PBXGroup;
			children = (
				F4DBC6A724C87FF100E2D2C3 /* AppDelegate.swift */,
				F4DBC6A924C87FF100E2D2C3 /* SceneDelegate.swift */,
				F4D113F624CB10A900B3EF76 /* EmojiMemoryGameView.swift */,
				F47C1A3524C95B6B00ECE1A0 /* EmojiMemoryGame.swift */,
				F47C1A3324C959AD00ECE1A0 /* MemoryGame.swift */,
				F4DBC6AD24C87FF300E2D2C3 /* Assets.xcassets */,
				F4DBC6B224C87FF300E2D2C3 /* LaunchScreen.storyboard */,
				F4DBC6B524C87FF300E2D2C3 /* Info.plist */,
				F4DBC6AF24C87FF300E2D2C3 /* Preview Content */,
			);
			path = Memorize;
			sourceTree = "<group>";
		};
		F4DBC6AF24C87FF300E2D2C3 /* Preview Content */ = {
			isa = PBXGroup;
			children = (
				F4DBC6B024C87FF300E2D2C3 /* Preview Assets.xcassets */,
			);
			path = "Preview Content";
			sourceTree = "<group>";
		};
/* End PBXGroup section */

/* Begin PBXNativeTarget section */
		F4DBC6A324C87FF100E2D2C3 /* Memorize */ = {
			isa = PBXNativeTarget;
			buildConfigurationList = F4DBC6B824C87FF300E2D2C3 /* Build configuration list for PBXNativeTarget "Memorize" */;
			buildPhases = (
				F4DBC6A024C87FF100E2D2C3 /* Sources */,
				F4DBC6A124C87FF100E2D2C3 /* Frameworks */,
				F4DBC6A224C87FF100E2D2C3 /* Resources */,
			);
			buildRules = (
			);
			dependencies = (
			);
			name = Memorize;
			productName = Memorize;
			productReference = F4DBC6A424C87FF100E2D2C3 /* Memorize.app */;
			productType = "com.apple.product-type.application";
		};
/* End PBXNativeTarget section */

/* Begin PBXProject section */
		F4DBC69C24C87FF100E2D2C3 /* Project object */ = {
			isa = PBXProject;
			attributes = {
				LastSwiftUpdateCheck = 1150;
				LastUpgradeCheck = 1150;
				ORGANIZATIONNAME = "현기엽";
				TargetAttributes = {
					F4DBC6A324C87FF100E2D2C3 = {
						CreatedOnToolsVersion = 11.5;
					};
				};
			};
			buildConfigurationList = F4DBC69F24C87FF100E2D2C3 /* Build configuration list for PBXProject "Memorize" */;
			compatibilityVersion = "Xcode 9.3";
			developmentRegion = en;
			hasScannedForEncodings = 0;
			knownRegions = (
				en,
				Base,
			);
			mainGroup = F4DBC69B24C87FF100E2D2C3;
			productRefGroup = F4DBC6A524C87FF100E2D2C3 /* Products */;
			projectDirPath = "";
			projectRoot = "";
			targets = (
				F4DBC6A324C87FF100E2D2C3 /* Memorize */,
			);
		};
/* End PBXProject section */

/* Begin PBXResourcesBuildPhase section */
		F4DBC6A224C87FF100E2D2C3 /* Resources */ = {
			isa = PBXResourcesBuildPhase;
			buildActionMask = 2147483647;
			files = (
				F4DBC6B424C87FF300E2D2C3 /* LaunchScreen.storyboard in Resources */,
				F4DBC6B124C87FF300E2D2C3 /* Preview Assets.xcassets in Resources */,
				F4DBC6AE24C87FF300E2D2C3 /* Assets.xcassets in Resources */,
			);
			runOnlyForDeploymentPostprocessing = 0;
		};
/* End PBXResourcesBuildPhase section */

/* Begin PBXSourcesBuildPhase section */
		F4DBC6A024C87FF100E2D2C3 /* Sources */ = {
			isa = PBXSourcesBuildPhase;
			buildActionMask = 2147483647;
			files = (
				F4DBC6A824C87FF100E2D2C3 /* AppDelegate.swift in Sources */,
				F4DBC6AA24C87FF100E2D2C3 /* SceneDelegate.swift in Sources */,
				F4D113F724CB10A900B3EF76 /* EmojiMemoryGameView.swift in Sources */,
				F47C1A3424C959AD00ECE1A0 /* MemoryGame.swift in Sources */,
				F47C1A3624C95B6B00ECE1A0 /* EmojiMemoryGame.swift in Sources */,
			);
			runOnlyForDeploymentPostprocessing = 0;
		};
/* End PBXSourcesBuildPhase section */

/* Begin PBXVariantGroup section */
		F4DBC6B224C87FF300E2D2C3 /* LaunchScreen.storyboard */ = {
			isa = PBXVariantGroup;
			children = (
				F4DBC6B324C87FF300E2D2C3 /* Base */,
			);
			name = LaunchScreen.storyboard;
			sourceTree = "<group>";
		};
/* End PBXVariantGroup section */

/* Begin XCBuildConfiguration section */
		F4DBC6B624C87FF300E2D2C3 /* Debug */ = {
			isa = XCBuildConfiguration;
			buildSettings = {
				ALWAYS_SEARCH_USER_PATHS = NO;
				CLANG_ANALYZER_NONNULL = YES;
				CLANG_ANALYZER_NUMBER_OBJECT_CONVERSION = YES_AGGRESSIVE;
				CLANG_CXX_LANGUAGE_STANDARD = "gnu++14";
				CLANG_CXX_LIBRARY = "libc++";
				CLANG_ENABLE_MODULES = YES;
				CLANG_ENABLE_OBJC_ARC = YES;
				CLANG_ENABLE_OBJC_WEAK = YES;
				CLANG_WARN_BLOCK_CAPTURE_AUTORELEASING = YES;
				CLANG_WARN_BOOL_CONVERSION = YES;
				CLANG_WARN_COMMA = YES;
				CLANG_WARN_CONSTANT_CONVERSION = YES;
				CLANG_WARN_DEPRECATED_OBJC_IMPLEMENTATIONS = YES;
				CLANG_WARN_DIRECT_OBJC_ISA_USAGE = YES_ERROR;
				CLANG_WARN_DOCUMENTATION_COMMENTS = YES;
				CLANG_WARN_EMPTY_BODY = YES;
				CLANG_WARN_ENUM_CONVERSION = YES;
				CLANG_WARN_INFINITE_RECURSION = YES;
				CLANG_WARN_INT_CONVERSION = YES;
				CLANG_WARN_NON_LITERAL_NULL_CONVERSION = YES;
				CLANG_WARN_OBJC_IMPLICIT_RETAIN_SELF = YES;
				CLANG_WARN_OBJC_LITERAL_CONVERSION = YES;
				CLANG_WARN_OBJC_ROOT_CLASS = YES_ERROR;
				CLANG_WARN_RANGE_LOOP_ANALYSIS = YES;
				CLANG_WARN_STRICT_PROTOTYPES = YES;
				CLANG_WARN_SUSPICIOUS_MOVE = YES;
				CLANG_WARN_UNGUARDED_AVAILABILITY = YES_AGGRESSIVE;
				CLANG_WARN_UNREACHABLE_CODE = YES;
				CLANG_WARN__DUPLICATE_METHOD_MATCH = YES;
				COPY_PHASE_STRIP = NO;
				DEBUG_INFORMATION_FORMAT = dwarf;
				ENABLE_STRICT_OBJC_MSGSEND = YES;
				ENABLE_TESTABILITY = YES;
				GCC_C_LANGUAGE_STANDARD = gnu11;
				GCC_DYNAMIC_NO_PIC = NO;
				GCC_NO_COMMON_BLOCKS = YES;
				GCC_OPTIMIZATION_LEVEL = 0;
				GCC_PREPROCESSOR_DEFINITIONS = (
					"DEBUG=1",
					"$(inherited)",
				);
				GCC_WARN_64_TO_32_BIT_CONVERSION = YES;
				GCC_WARN_ABOUT_RETURN_TYPE = YES_ERROR;
				GCC_WARN_UNDECLARED_SELECTOR = YES;
				GCC_WARN_UNINITIALIZED_AUTOS = YES_AGGRESSIVE;
				GCC_WARN_UNUSED_FUNCTION = YES;
				GCC_WARN_UNUSED_VARIABLE = YES;
				IPHONEOS_DEPLOYMENT_TARGET = 13.5;
				MTL_ENABLE_DEBUG_INFO = INCLUDE_SOURCE;
				MTL_FAST_MATH = YES;
				ONLY_ACTIVE_ARCH = YES;
				SDKROOT = iphoneos;
				SWIFT_ACTIVE_COMPILATION_CONDITIONS = DEBUG;
				SWIFT_OPTIMIZATION_LEVEL = "-Onone";
			};
			name = Debug;
		};
		F4DBC6B724C87FF300E2D2C3 /* Release */ = {
			isa = XCBuildConfiguration;
			buildSettings = {
				ALWAYS_SEARCH_USER_PATHS = NO;
				CLANG_ANALYZER_NONNULL = YES;
				CLANG_ANALYZER_NUMBER_OBJECT_CONVERSION = YES_AGGRESSIVE;
				CLANG_CXX_LANGUAGE_STANDARD = "gnu++14";
				CLANG_CXX_LIBRARY = "libc++";
				CLANG_ENABLE_MODULES = YES;
				CLANG_ENABLE_OBJC_ARC = YES;
				CLANG_ENABLE_OBJC_WEAK = YES;
				CLANG_WARN_BLOCK_CAPTURE_AUTORELEASING = YES;
				CLANG_WARN_BOOL_CONVERSION = YES;
				CLANG_WARN_COMMA = YES;
				CLANG_WARN_CONSTANT_CONVERSION = YES;
				CLANG_WARN_DEPRECATED_OBJC_IMPLEMENTATIONS = YES;
				CLANG_WARN_DIRECT_OBJC_ISA_USAGE = YES_ERROR;
				CLANG_WARN_DOCUMENTATION_COMMENTS = YES;
				CLANG_WARN_EMPTY_BODY = YES;
				CLANG_WARN_ENUM_CONVERSION = YES;
				CLANG_WARN_INFINITE_RECURSION = YES;
				CLANG_WARN_INT_CONVERSION = YES;
				CLANG_WARN_NON_LITERAL_NULL_CONVERSION = YES;
				CLANG_WARN_OBJC_IMPLICIT_RETAIN_SELF = YES;
				CLANG_WARN_OBJC_LITERAL_CONVERSION = YES;
				CLANG_WARN_OBJC_ROOT_CLASS = YES_ERROR;
				CLANG_WARN_RANGE_LOOP_ANALYSIS = YES;
				CLANG_WARN_STRICT_PROTOTYPES = YES;
				CLANG_WARN_SUSPICIOUS_MOVE = YES;
				CLANG_WARN_UNGUARDED_AVAILABILITY = YES_AGGRESSIVE;
				CLANG_WARN_UNREACHABLE_CODE = YES;
				CLANG_WARN__DUPLICATE_METHOD_MATCH = YES;
				COPY_PHASE_STRIP = NO;
				DEBUG_INFORMATION_FORMAT = "dwarf-with-dsym";
				ENABLE_NS_ASSERTIONS = NO;
				ENABLE_STRICT_OBJC_MSGSEND = YES;
				GCC_C_LANGUAGE_STANDARD = gnu11;
				GCC_NO_COMMON_BLOCKS = YES;
				GCC_WARN_64_TO_32_BIT_CONVERSION = YES;
				GCC_WARN_ABOUT_RETURN_TYPE = YES_ERROR;
				GCC_WARN_UNDECLARED_SELECTOR = YES;
				GCC_WARN_UNINITIALIZED_AUTOS = YES_AGGRESSIVE;
				GCC_WARN_UNUSED_FUNCTION = YES;
				GCC_WARN_UNUSED_VARIABLE = YES;
				IPHONEOS_DEPLOYMENT_TARGET = 13.5;
				MTL_ENABLE_DEBUG_INFO = NO;
				MTL_FAST_MATH = YES;
				SDKROOT = iphoneos;
				SWIFT_COMPILATION_MODE = wholemodule;
				SWIFT_OPTIMIZATION_LEVEL = "-O";
				VALIDATE_PRODUCT = YES;
			};
			name = Release;
		};
		F4DBC6B924C87FF300E2D2C3 /* Debug */ = {
			isa = XCBuildConfiguration;
			buildSettings = {
				ASSETCATALOG_COMPILER_APPICON_NAME = AppIcon;
				CODE_SIGN_STYLE = Automatic;
				DEVELOPMENT_ASSET_PATHS = "\"Memorize/Preview Content\"";
				DEVELOPMENT_TEAM = 56UXM88S2N;
				ENABLE_PREVIEWS = YES;
				INFOPLIST_FILE = Memorize/Info.plist;
				LD_RUNPATH_SEARCH_PATHS = (
					"$(inherited)",
					"@executable_path/Frameworks",
				);
				PRODUCT_BUNDLE_IDENTIFIER = giyeop.Memorize;
				PRODUCT_NAME = "$(TARGET_NAME)";
				SWIFT_VERSION = 5.0;
				TARGETED_DEVICE_FAMILY = "1,2";
			};
			name = Debug;
		};
		F4DBC6BA24C87FF300E2D2C3 /* Release */ = {
			isa = XCBuildConfiguration;
			buildSettings = {
				ASSETCATALOG_COMPILER_APPICON_NAME = AppIcon;
				CODE_SIGN_STYLE = Automatic;
				DEVELOPMENT_ASSET_PATHS = "\"Memorize/Preview Content\"";
				DEVELOPMENT_TEAM = 56UXM88S2N;
				ENABLE_PREVIEWS = YES;
				INFOPLIST_FILE = Memorize/Info.plist;
				LD_RUNPATH_SEARCH_PATHS = (
					"$(inherited)",
					"@executable_path/Frameworks",
				);
				PRODUCT_BUNDLE_IDENTIFIER = giyeop.Memorize;
				PRODUCT_NAME = "$(TARGET_NAME)";
				SWIFT_VERSION = 5.0;
				TARGETED_DEVICE_FAMILY = "1,2";
			};
			name = Release;
		};
/* End XCBuildConfiguration section */

/* Begin XCConfigurationList section */
		F4DBC69F24C87FF100E2D2C3 /* Build configuration list for PBXProject "Memorize" */ = {
			isa = XCConfigurationList;
			buildConfigurations = (
				F4DBC6B624C87FF300E2D2C3 /* Debug */,
				F4DBC6B724C87FF300E2D2C3 /* Release */,
			);
			defaultConfigurationIsVisible = 0;
			defaultConfigurationName = Release;
		};
		F4DBC6B824C87FF300E2D2C3 /* Build configuration list for PBXNativeTarget "Memorize" */ = {
			isa = XCConfigurationList;
			buildConfigurations = (
				F4DBC6B924C87FF300E2D2C3 /* Debug */,
				F4DBC6BA24C87FF300E2D2C3 /* Release */,
			);
			defaultConfigurationIsVisible = 0;
			defaultConfigurationName = Release;
		};
/* End XCConfigurationList section */
	};
	rootObject = F4DBC69C24C87FF100E2D2C3 /* Project object */;
}
